
Microsoft Visual Studio Solution File, Format Version 12.00
# Visual Studio Version 17
VisualStudioVersion = 17.9.34728.123
MinimumVisualStudioVersion = 10.0.40219.1
Project("{FAE04EC0-301F-11D3-BF4B-00C04F79EFBC}") = "DeployToAWS", "DeployToAWS\DeployToAWS.csproj", "{98ABB6A9-124F-4252-92AF-889EF9FDA2C8}"
EndProject
Global
	GlobalSection(SolutionConfigurationPlatforms) = preSolution
		Debug|Any CPU = Debug|Any CPU
		Release|Any CPU = Release|Any CPU
	EndGlobalSection
	GlobalSection(ProjectConfigurationPlatforms) = postSolution
		{98ABB6A9-124F-4252-92AF-889EF9FDA2C8}.Debug|Any CPU.ActiveCfg = Debug|Any CPU
		{98ABB6A9-124F-4252-92AF-889EF9FDA2C8}.Debug|Any CPU.Build.0 = Debug|Any CPU
		{98ABB6A9-124F-4252-92AF-889EF9FDA2C8}.Release|Any CPU.ActiveCfg = Release|Any CPU
		{98ABB6A9-124F-4252-92AF-889EF9FDA2C8}.Release|Any CPU.Build.0 = Release|Any CPU
	EndGlobalSection
	GlobalSection(SolutionProperties) = preSolution
		HideSolutionNode = FALSE
	EndGlobalSection
	GlobalSection(ExtensibilityGlobals) = postSolution
		SolutionGuid = {B8B3760B-0363-45ED-BF29-CDB804733AC7}
	EndGlobalSection
EndGlobal
